
Microsoft Visual Studio Solution File, Format Version 12.00
# Visual Studio Version 16
VisualStudioVersion = 16.0.31112.23
MinimumVisualStudioVersion = 15.0.26124.0
Project("{9A19103F-16F7-4668-BE54-9A1E7A4F7556}") = "API", "API\API.csproj", "{32945DD5-9248-436D-880A-978F579B0506}"
EndProject
Project("{FAE04EC0-301F-11D3-BF4B-00C04F79EFBC}") = "API.Core", "API.Core\API.Core.csproj", "{F8CF866F-311D-4727-AD6B-35FDDE31C635}"
EndProject
Project("{FAE04EC0-301F-11D3-BF4B-00C04F79EFBC}") = "API.Infrastructure", "API.Infrastructure\API.Infrastructure.csproj", "{381734F4-0017-431D-B179-07D2384442E6}"
EndProject
Global
	GlobalSection(SolutionConfigurationPlatforms) = preSolution
		Debug|Any CPU = Debug|Any CPU
		Debug|x64 = Debug|x64
		Debug|x86 = Debug|x86
		Release|Any CPU = Release|Any CPU
		Release|x64 = Release|x64
		Release|x86 = Release|x86
	EndGlobalSection
	GlobalSection(ProjectConfigurationPlatforms) = postSolution
		{32945DD5-9248-436D-880A-978F579B0506}.Debug|Any CPU.ActiveCfg = Debug|Any CPU
		{32945DD5-9248-436D-880A-978F579B0506}.Debug|Any CPU.Build.0 = Debug|Any CPU
		{32945DD5-9248-436D-880A-978F579B0506}.Debug|x64.ActiveCfg = Debug|Any CPU
		{32945DD5-9248-436D-880A-978F579B0506}.Debug|x64.Build.0 = Debug|Any CPU
		{32945DD5-9248-436D-880A-978F579B0506}.Debug|x86.ActiveCfg = Debug|Any CPU
		{32945DD5-9248-436D-880A-978F579B0506}.Debug|x86.Build.0 = Debug|Any CPU
		{32945DD5-9248-436D-880A-978F579B0506}.Release|Any CPU.ActiveCfg = Release|Any CPU
		{32945DD5-9248-436D-880A-978F579B0506}.Release|Any CPU.Build.0 = Release|Any CPU
		{32945DD5-9248-436D-880A-978F579B0506}.Release|x64.ActiveCfg = Release|Any CPU
		{32945DD5-9248-436D-880A-978F579B0506}.Release|x64.Build.0 = Release|Any CPU
		{32945DD5-9248-436D-880A-978F579B0506}.Release|x86.ActiveCfg = Release|Any CPU
		{32945DD5-9248-436D-880A-978F579B0506}.Release|x86.Build.0 = Release|Any CPU
		{F8CF866F-311D-4727-AD6B-35FDDE31C635}.Debug|Any CPU.ActiveCfg = Debug|Any CPU
		{F8CF866F-311D-4727-AD6B-35FDDE31C635}.Debug|Any CPU.Build.0 = Debug|Any CPU
		{F8CF866F-311D-4727-AD6B-35FDDE31C635}.Debug|x64.ActiveCfg = Debug|Any CPU
		{F8CF866F-311D-4727-AD6B-35FDDE31C635}.Debug|x64.Build.0 = Debug|Any CPU
		{F8CF866F-311D-4727-AD6B-35FDDE31C635}.Debug|x86.ActiveCfg = Debug|Any CPU
		{F8CF866F-311D-4727-AD6B-35FDDE31C635}.Debug|x86.Build.0 = Debug|Any CPU
		{F8CF866F-311D-4727-AD6B-35FDDE31C635}.Release|Any CPU.ActiveCfg = Release|Any CPU
		{F8CF866F-311D-4727-AD6B-35FDDE31C635}.Release|Any CPU.Build.0 = Release|Any CPU
		{F8CF866F-311D-4727-AD6B-35FDDE31C635}.Release|x64.ActiveCfg = Release|Any CPU
		{F8CF866F-311D-4727-AD6B-35FDDE31C635}.Release|x64.Build.0 = Release|Any CPU
		{F8CF866F-311D-4727-AD6B-35FDDE31C635}.Release|x86.ActiveCfg = Release|Any CPU
		{F8CF866F-311D-4727-AD6B-35FDDE31C635}.Release|x86.Build.0 = Release|Any CPU
		{381734F4-0017-431D-B179-07D2384442E6}.Debug|Any CPU.ActiveCfg = Debug|Any CPU
		{381734F4-0017-431D-B179-07D2384442E6}.Debug|Any CPU.Build.0 = Debug|Any CPU
		{381734F4-0017-431D-B179-07D2384442E6}.Debug|x64.ActiveCfg = Debug|Any CPU
		{381734F4-0017-431D-B179-07D2384442E6}.Debug|x64.Build.0 = Debug|Any CPU
		{381734F4-0017-431D-B179-07D2384442E6}.Debug|x86.ActiveCfg = Debug|Any CPU
		{381734F4-0017-431D-B179-07D2384442E6}.Debug|x86.Build.0 = Debug|Any CPU
		{381734F4-0017-431D-B179-07D2384442E6}.Release|Any CPU.ActiveCfg = Release|Any CPU
		{381734F4-0017-431D-B179-07D2384442E6}.Release|Any CPU.Build.0 = Release|Any CPU
		{381734F4-0017-431D-B179-07D2384442E6}.Release|x64.ActiveCfg = Release|Any CPU
		{381734F4-0017-431D-B179-07D2384442E6}.Release|x64.Build.0 = Release|Any CPU
		{381734F4-0017-431D-B179-07D2384442E6}.Release|x86.ActiveCfg = Release|Any CPU
		{381734F4-0017-431D-B179-07D2384442E6}.Release|x86.Build.0 = Release|Any CPU
	EndGlobalSection
	GlobalSection(SolutionProperties) = preSolution
		HideSolutionNode = FALSE
	EndGlobalSection
	GlobalSection(ExtensibilityGlobals) = postSolution
		SolutionGuid = {E8D9FB99-28CA-4D55-A1C6-35D75D94D209}
	EndGlobalSection
EndGlobal
